
Microsoft Visual Studio Solution File, Format Version 12.00
# Visual Studio Version 16
VisualStudioVersion = 16.0.30503.244
MinimumVisualStudioVersion = 10.0.40219.1
Project("{FAE04EC0-301F-11D3-BF4B-00C04F79EFBC}") = "Assignment3_n01390572_Kunal_SectionA", "Assignment3_n01390572_Kunal_SectionA\Assignment3_n01390572_Kunal_SectionA.csproj", "{09333F5B-0382-44C5-90E0-BB0668C8BC15}"
EndProject
Global
	GlobalSection(SolutionConfigurationPlatforms) = preSolution
		Debug|Any CPU = Debug|Any CPU
		Release|Any CPU = Release|Any CPU
	EndGlobalSection
	GlobalSection(ProjectConfigurationPlatforms) = postSolution
		{09333F5B-0382-44C5-90E0-BB0668C8BC15}.Debug|Any CPU.ActiveCfg = Debug|Any CPU
		{09333F5B-0382-44C5-90E0-BB0668C8BC15}.Debug|Any CPU.Build.0 = Debug|Any CPU
		{09333F5B-0382-44C5-90E0-BB0668C8BC15}.Release|Any CPU.ActiveCfg = Release|Any CPU
		{09333F5B-0382-44C5-90E0-BB0668C8BC15}.Release|Any CPU.Build.0 = Release|Any CPU
	EndGlobalSection
	GlobalSection(SolutionProperties) = preSolution
		HideSolutionNode = FALSE
	EndGlobalSection
	GlobalSection(ExtensibilityGlobals) = postSolution
		SolutionGuid = {1BE1AC65-7E6C-4C1D-AE47-6C3226FDD91B}
	EndGlobalSection
EndGlobal
